
Microsoft Visual Studio Solution File, Format Version 12.00
# Visual Studio 15
Project("{FAE04EC0-301F-11D3-BF4B-00C04F79EFBC}") = "Assembly-CSharp", "Assembly-CSharp.csproj", "{AC44EAD0-83D9-AD5A-E6AD-931C1CCFE484}"
EndProject
Project("{FAE04EC0-301F-11D3-BF4B-00C04F79EFBC}") = "Assembly-CSharp-Editor", "Assembly-CSharp-Editor.csproj", "{88F4C8E5-FD36-3435-D71D-93D0885E352C}"
EndProject
Global
	GlobalSection(SolutionConfigurationPlatforms) = preSolution
		Debug|Any CPU = Debug|Any CPU
		Release|Any CPU = Release|Any CPU
	EndGlobalSection
	GlobalSection(ProjectConfigurationPlatforms) = postSolution
		{AC44EAD0-83D9-AD5A-E6AD-931C1CCFE484}.Debug|Any CPU.ActiveCfg = Debug|Any CPU
		{AC44EAD0-83D9-AD5A-E6AD-931C1CCFE484}.Debug|Any CPU.Build.0 = Debug|Any CPU
		{AC44EAD0-83D9-AD5A-E6AD-931C1CCFE484}.Release|Any CPU.ActiveCfg = Release|Any CPU
		{AC44EAD0-83D9-AD5A-E6AD-931C1CCFE484}.Release|Any CPU.Build.0 = Release|Any CPU
		{88F4C8E5-FD36-3435-D71D-93D0885E352C}.Debug|Any CPU.ActiveCfg = Debug|Any CPU
		{88F4C8E5-FD36-3435-D71D-93D0885E352C}.Debug|Any CPU.Build.0 = Debug|Any CPU
		{88F4C8E5-FD36-3435-D71D-93D0885E352C}.Release|Any CPU.ActiveCfg = Release|Any CPU
		{88F4C8E5-FD36-3435-D71D-93D0885E352C}.Release|Any CPU.Build.0 = Release|Any CPU
	EndGlobalSection
	GlobalSection(SolutionProperties) = preSolution
		HideSolutionNode = FALSE
	EndGlobalSection
EndGlobal
