
Microsoft Visual Studio Solution File, Format Version 12.00
# Visual Studio 2017
Project("{FAE04EC0-301F-11D3-BF4B-00C04F79EFBC}") = "MP2", "MP2.csproj", "{DA6DEAD5-8083-C564-AD4E-D18C6CA94A2C}"
EndProject
Project("{FAE04EC0-301F-11D3-BF4B-00C04F79EFBC}") = "MP2.Editor", "MP2.Editor.csproj", "{6B3149D0-EF94-D6F0-A031-08344DD8B18D}"
EndProject
Global
	GlobalSection(SolutionConfigurationPlatforms) = preSolution
		Debug|Any CPU = Debug|Any CPU
		Release|Any CPU = Release|Any CPU
	EndGlobalSection
	GlobalSection(ProjectConfigurationPlatforms) = postSolution
		{DA6DEAD5-8083-C564-AD4E-D18C6CA94A2C}.Debug|Any CPU.ActiveCfg = Debug|Any CPU
		{DA6DEAD5-8083-C564-AD4E-D18C6CA94A2C}.Debug|Any CPU.Build.0 = Debug|Any CPU
		{DA6DEAD5-8083-C564-AD4E-D18C6CA94A2C}.Release|Any CPU.ActiveCfg = Release|Any CPU
		{DA6DEAD5-8083-C564-AD4E-D18C6CA94A2C}.Release|Any CPU.Build.0 = Release|Any CPU
		{6B3149D0-EF94-D6F0-A031-08344DD8B18D}.Debug|Any CPU.ActiveCfg = Debug|Any CPU
		{6B3149D0-EF94-D6F0-A031-08344DD8B18D}.Debug|Any CPU.Build.0 = Debug|Any CPU
		{6B3149D0-EF94-D6F0-A031-08344DD8B18D}.Release|Any CPU.ActiveCfg = Release|Any CPU
		{6B3149D0-EF94-D6F0-A031-08344DD8B18D}.Release|Any CPU.Build.0 = Release|Any CPU
	EndGlobalSection
	GlobalSection(SolutionProperties) = preSolution
		HideSolutionNode = FALSE
	EndGlobalSection
EndGlobal
