
Microsoft Visual Studio Solution File, Format Version 12.00
# Visual Studio 2017
Project("{FAE04EC0-301F-11D3-BF4B-00C04F79EFBC}") = "CS498MP1_1", "CS498MP1_1.csproj", "{8E5192EB-08BC-E3A7-9CB1-556B94E95784}"
EndProject
Project("{FAE04EC0-301F-11D3-BF4B-00C04F79EFBC}") = "CS498MP1_1.Editor", "CS498MP1_1.Editor.csproj", "{9955EA21-E1F6-6C74-04AD-E65E1F0BE113}"
EndProject
Global
	GlobalSection(SolutionConfigurationPlatforms) = preSolution
		Debug|Any CPU = Debug|Any CPU
		Release|Any CPU = Release|Any CPU
	EndGlobalSection
	GlobalSection(ProjectConfigurationPlatforms) = postSolution
		{8E5192EB-08BC-E3A7-9CB1-556B94E95784}.Debug|Any CPU.ActiveCfg = Debug|Any CPU
		{8E5192EB-08BC-E3A7-9CB1-556B94E95784}.Debug|Any CPU.Build.0 = Debug|Any CPU
		{8E5192EB-08BC-E3A7-9CB1-556B94E95784}.Release|Any CPU.ActiveCfg = Release|Any CPU
		{8E5192EB-08BC-E3A7-9CB1-556B94E95784}.Release|Any CPU.Build.0 = Release|Any CPU
		{9955EA21-E1F6-6C74-04AD-E65E1F0BE113}.Debug|Any CPU.ActiveCfg = Debug|Any CPU
		{9955EA21-E1F6-6C74-04AD-E65E1F0BE113}.Debug|Any CPU.Build.0 = Debug|Any CPU
		{9955EA21-E1F6-6C74-04AD-E65E1F0BE113}.Release|Any CPU.ActiveCfg = Release|Any CPU
		{9955EA21-E1F6-6C74-04AD-E65E1F0BE113}.Release|Any CPU.Build.0 = Release|Any CPU
	EndGlobalSection
	GlobalSection(SolutionProperties) = preSolution
		HideSolutionNode = FALSE
	EndGlobalSection
EndGlobal
